
Microsoft Visual Studio Solution File, Format Version 12.00
# Visual Studio 2013
VisualStudioVersion = 12.0.31101.0
MinimumVisualStudioVersion = 10.0.40219.1
Project("{FAE04EC0-301F-11D3-BF4B-00C04F79EFBC}") = "NetworkRelay", "NetworkRelay\NetworkRelay.csproj", "{2D7C75F0-4FCB-44C2-80AA-97D577FCB1CF}"
EndProject
Global
	GlobalSection(SolutionConfigurationPlatforms) = preSolution
		Debug|Any CPU = Debug|Any CPU
		Release|Any CPU = Release|Any CPU
	EndGlobalSection
	GlobalSection(ProjectConfigurationPlatforms) = postSolution
		{2D7C75F0-4FCB-44C2-80AA-97D577FCB1CF}.Debug|Any CPU.ActiveCfg = Debug|Any CPU
		{2D7C75F0-4FCB-44C2-80AA-97D577FCB1CF}.Debug|Any CPU.Build.0 = Debug|Any CPU
		{2D7C75F0-4FCB-44C2-80AA-97D577FCB1CF}.Release|Any CPU.ActiveCfg = Release|Any CPU
		{2D7C75F0-4FCB-44C2-80AA-97D577FCB1CF}.Release|Any CPU.Build.0 = Release|Any CPU
	EndGlobalSection
	GlobalSection(SolutionProperties) = preSolution
		HideSolutionNode = FALSE
	EndGlobalSection
EndGlobal
